
Microsoft Visual Studio Solution File, Format Version 12.00
# Visual Studio 15
VisualStudioVersion = 15.0.28307.421
MinimumVisualStudioVersion = 10.0.40219.1
Project("{FAE04EC0-301F-11D3-BF4B-00C04F79EFBC}") = "AplikacjaDietetyczna", "AplikacjaDietetyczna\AplikacjaDietetyczna.csproj", "{E19CBDCA-5619-4E09-801F-A117746EAC04}"
EndProject
Project("{FAE04EC0-301F-11D3-BF4B-00C04F79EFBC}") = "AplikacjaDietetycznaTests", "AplikacjaDietetycznaTests\AplikacjaDietetycznaTests.csproj", "{276EF929-83FA-4BED-93D0-11B3C90BF74C}"
EndProject
Global
	GlobalSection(SolutionConfigurationPlatforms) = preSolution
		Debug|Any CPU = Debug|Any CPU
		Release|Any CPU = Release|Any CPU
	EndGlobalSection
	GlobalSection(ProjectConfigurationPlatforms) = postSolution
		{E19CBDCA-5619-4E09-801F-A117746EAC04}.Debug|Any CPU.ActiveCfg = Debug|Any CPU
		{E19CBDCA-5619-4E09-801F-A117746EAC04}.Debug|Any CPU.Build.0 = Debug|Any CPU
		{E19CBDCA-5619-4E09-801F-A117746EAC04}.Release|Any CPU.ActiveCfg = Release|Any CPU
		{E19CBDCA-5619-4E09-801F-A117746EAC04}.Release|Any CPU.Build.0 = Release|Any CPU
		{276EF929-83FA-4BED-93D0-11B3C90BF74C}.Debug|Any CPU.ActiveCfg = Debug|Any CPU
		{276EF929-83FA-4BED-93D0-11B3C90BF74C}.Debug|Any CPU.Build.0 = Debug|Any CPU
		{276EF929-83FA-4BED-93D0-11B3C90BF74C}.Release|Any CPU.ActiveCfg = Release|Any CPU
		{276EF929-83FA-4BED-93D0-11B3C90BF74C}.Release|Any CPU.Build.0 = Release|Any CPU
	EndGlobalSection
	GlobalSection(SolutionProperties) = preSolution
		HideSolutionNode = FALSE
	EndGlobalSection
	GlobalSection(ExtensibilityGlobals) = postSolution
		SolutionGuid = {D65217B5-C605-41A4-8C1B-8C0A572FA510}
	EndGlobalSection
EndGlobal
